
Microsoft Visual Studio Solution File, Format Version 12.00
# Visual Studio 2013
VisualStudioVersion = 12.0.30501.0
MinimumVisualStudioVersion = 10.0.40219.1
Project("{FAE04EC0-301F-11D3-BF4B-00C04F79EFBC}") = "HRIS", "HRIS\HRIS.csproj", "{AE3F034D-2254-4549-9B58-2B0360000A14}"
EndProject
Project("{FAE04EC0-301F-11D3-BF4B-00C04F79EFBC}") = "HRIS.Data.Models", "HRIS.Data.Models\HRIS.Data.Models.csproj", "{443CF644-17C2-4605-9DE7-88052D7FF63F}"
EndProject
Project("{FAE04EC0-301F-11D3-BF4B-00C04F79EFBC}") = "HRIS.DAL", "HRIS.DAL\HRIS.DAL.csproj", "{837A3486-B5FC-4B0B-987C-B8C1733600D5}"
EndProject
Global
	GlobalSection(SolutionConfigurationPlatforms) = preSolution
		Debug|Any CPU = Debug|Any CPU
		Release|Any CPU = Release|Any CPU
	EndGlobalSection
	GlobalSection(ProjectConfigurationPlatforms) = postSolution
		{AE3F034D-2254-4549-9B58-2B0360000A14}.Debug|Any CPU.ActiveCfg = Debug|Any CPU
		{AE3F034D-2254-4549-9B58-2B0360000A14}.Debug|Any CPU.Build.0 = Debug|Any CPU
		{AE3F034D-2254-4549-9B58-2B0360000A14}.Release|Any CPU.ActiveCfg = Release|Any CPU
		{AE3F034D-2254-4549-9B58-2B0360000A14}.Release|Any CPU.Build.0 = Release|Any CPU
		{443CF644-17C2-4605-9DE7-88052D7FF63F}.Debug|Any CPU.ActiveCfg = Debug|Any CPU
		{443CF644-17C2-4605-9DE7-88052D7FF63F}.Debug|Any CPU.Build.0 = Debug|Any CPU
		{443CF644-17C2-4605-9DE7-88052D7FF63F}.Release|Any CPU.ActiveCfg = Release|Any CPU
		{443CF644-17C2-4605-9DE7-88052D7FF63F}.Release|Any CPU.Build.0 = Release|Any CPU
		{837A3486-B5FC-4B0B-987C-B8C1733600D5}.Debug|Any CPU.ActiveCfg = Debug|Any CPU
		{837A3486-B5FC-4B0B-987C-B8C1733600D5}.Debug|Any CPU.Build.0 = Debug|Any CPU
		{837A3486-B5FC-4B0B-987C-B8C1733600D5}.Release|Any CPU.ActiveCfg = Release|Any CPU
		{837A3486-B5FC-4B0B-987C-B8C1733600D5}.Release|Any CPU.Build.0 = Release|Any CPU
	EndGlobalSection
	GlobalSection(SolutionProperties) = preSolution
		HideSolutionNode = FALSE
	EndGlobalSection
EndGlobal
